
Microsoft Visual Studio Solution File, Format Version 12.00
# Visual Studio 15
VisualStudioVersion = 15.0.28307.168
MinimumVisualStudioVersion = 10.0.40219.1
Project("{9A19103F-16F7-4668-BE54-9A1E7A4F7556}") = "Moneteer.Identity", "Moneteer.Identity\Moneteer.Identity.csproj", "{AA5B7DD2-C46A-4536-93B9-CC21350557AD}"
EndProject
Project("{9A19103F-16F7-4668-BE54-9A1E7A4F7556}") = "Moneteer.Identity.Domain", "Moneteer.Identity.Domain\Moneteer.Identity.Domain.csproj", "{4F958D3C-4B7C-4373-966A-E30732003A30}"
EndProject
Global
	GlobalSection(SolutionConfigurationPlatforms) = preSolution
		Debug|Any CPU = Debug|Any CPU
		Release|Any CPU = Release|Any CPU
	EndGlobalSection
	GlobalSection(ProjectConfigurationPlatforms) = postSolution
		{AA5B7DD2-C46A-4536-93B9-CC21350557AD}.Debug|Any CPU.ActiveCfg = Debug|Any CPU
		{AA5B7DD2-C46A-4536-93B9-CC21350557AD}.Debug|Any CPU.Build.0 = Debug|Any CPU
		{AA5B7DD2-C46A-4536-93B9-CC21350557AD}.Release|Any CPU.ActiveCfg = Release|Any CPU
		{AA5B7DD2-C46A-4536-93B9-CC21350557AD}.Release|Any CPU.Build.0 = Release|Any CPU
		{4F958D3C-4B7C-4373-966A-E30732003A30}.Debug|Any CPU.ActiveCfg = Debug|Any CPU
		{4F958D3C-4B7C-4373-966A-E30732003A30}.Debug|Any CPU.Build.0 = Debug|Any CPU
		{4F958D3C-4B7C-4373-966A-E30732003A30}.Release|Any CPU.ActiveCfg = Release|Any CPU
		{4F958D3C-4B7C-4373-966A-E30732003A30}.Release|Any CPU.Build.0 = Release|Any CPU
	EndGlobalSection
	GlobalSection(SolutionProperties) = preSolution
		HideSolutionNode = FALSE
	EndGlobalSection
	GlobalSection(ExtensibilityGlobals) = postSolution
		SolutionGuid = {07CF643B-A86B-45E3-BC11-E86EB1205D2E}
	EndGlobalSection
EndGlobal
